# THIS IS AN AUTOGENERATED FILE. DO NOT EDIT THIS FILE DIRECTLY.
# yarn lockfile v1


react-native-progress-circle@^2.1.0:
  version "2.1.0"
  resolved "https://registry.yarnpkg.com/react-native-progress-circle/-/react-native-progress-circle-2.1.0.tgz#62bdf31c76962d10c5c14446b61ff7d05cf0d0ec"
  integrity sha512-VP0s92bgbTMQy4hQzPU4LlGyFj3z5u7i1HYFG8/yzXXfGkX1cxKS4xOlE+OTaObWC99w7Bodi3h8R7En2nQPYw==
